// !$*UTF8*$!
{
	archiveVersion = 1;
	classes = {
	};
	objectVersion = 46;
	objects = {

/* Begin PBXBuildFile section */
		CEF315E71A3105D8003719CE /* main.m in Sources */ = {isa = PBXBuildFile; fileRef = CEF315E61A3105D8003719CE /* main.m */; };
		CEF315EA1A3105D8003719CE /* AppDelegate.m in Sources */ = {isa = PBXBuildFile; fileRef = CEF315E91A3105D8003719CE /* AppDelegate.m */; };
		CEF315ED1A3105D8003719CE /* ViewController.m in Sources */ = {isa = PBXBuildFile; fileRef = CEF315EC1A3105D8003719CE /* ViewController.m */; };
		CEF315F01A3105D8003719CE /* Main.storyboard in Resources */ = {isa = PBXBuildFile; fileRef = CEF315EE1A3105D8003719CE /* Main.storyboard */; };
		CEF315F21A3105D8003719CE /* Images.xcassets in Resources */ = {isa = PBXBuildFile; fileRef = CEF315F11A3105D8003719CE /* Images.xcassets */; };
		CEF315F51A3105D8003719CE /* LaunchScreen.xib in Resources */ = {isa = PBXBuildFile; fileRef = CEF315F31A3105D8003719CE /* LaunchScreen.xib */; };
		CEF316011A3105D8003719CE /* UITableViewController_Challenge_SolutionTests.m in Sources */ = {isa = PBXBuildFile; fileRef = CEF316001A3105D8003719CE /* UITableViewController_Challenge_SolutionTests.m */; };
/* End PBXBuildFile section */

/* Begin PBXContainerItemProxy section */
		CEF315FB1A3105D8003719CE /* PBXContainerItemProxy */ = {
			isa = PBXContainerItemProxy;
			containerPortal = CEF315D91A3105D8003719CE /* Project object */;
			proxyType = 1;
			remoteGlobalIDString = CEF315E01A3105D8003719CE;
			remoteInfo = "UITableViewController Challenge Solution";
		};
/* End PBXContainerItemProxy section */

/* Begin PBXFileReference section */
		CEF315E11A3105D8003719CE /* UITableViewController Challenge Solution.app */ = {isa = PBXFileReference; explicitFileType = wrapper.application; includeInIndex = 0; path = "UITableViewController Challenge Solution.app"; sourceTree = BUILT_PRODUCTS_DIR; };
		CEF315E51A3105D8003719CE /* Info.plist */ = {isa = PBXFileReference; lastKnownFileType = text.plist.xml; path = Info.plist; sourceTree = "<group>"; };
		CEF315E61A3105D8003719CE /* main.m */ = {isa = PBXFileReference; lastKnownFileType = sourcecode.c.objc; path = main.m; sourceTree = "<group>"; };
		CEF315E81A3105D8003719CE /* AppDelegate.h */ = {isa = PBXFileReference; lastKnownFileType = sourcecode.c.h; path = AppDelegate.h; sourceTree = "<group>"; };
		CEF315E91A3105D8003719CE /* AppDelegate.m */ = {isa = PBXFileReference; lastKnownFileType = sourcecode.c.objc; path = AppDelegate.m; sourceTree = "<group>"; };
		CEF315EB1A3105D8003719CE /* ViewController.h */ = {isa = PBXFileReference; lastKnownFileType = sourcecode.c.h; path = ViewController.h; sourceTree = "<group>"; };
		CEF315EC1A3105D8003719CE /* ViewController.m */ = {isa = PBXFileReference; lastKnownFileType = sourcecode.c.objc; path = ViewController.m; sourceTree = "<group>"; };
		CEF315EF1A3105D8003719CE /* Base */ = {isa = PBXFileReference; lastKnownFileType = file.storyboard; name = Base; path = Base.lproj/Main.storyboard; sourceTree = "<group>"; };
		CEF315F11A3105D8003719CE /* Images.xcassets */ = {isa = PBXFileReference; lastKnownFileType = folder.assetcatalog; path = Images.xcassets; sourceTree = "<group>"; };
		CEF315F41A3105D8003719CE /* Base */ = {isa = PBXFileReference; lastKnownFileType = file.xib; name = Base; path = Base.lproj/LaunchScreen.xib; sourceTree = "<group>"; };
		CEF315FA1A3105D8003719CE /* UITableViewController Challenge SolutionTests.xctest */ = {isa = PBXFileReference; explicitFileType = wrapper.cfbundle; includeInIndex = 0; path = "UITableViewController Challenge SolutionTests.xctest"; sourceTree = BUILT_PRODUCTS_DIR; };
		CEF315FF1A3105D8003719CE /* Info.plist */ = {isa = PBXFileReference; lastKnownFileType = text.plist.xml; path = Info.plist; sourceTree = "<group>"; };
		CEF316001A3105D8003719CE /* UITableViewController_Challenge_SolutionTests.m */ = {isa = PBXFileReference; lastKnownFileType = sourcecode.c.objc; path = UITableViewController_Challenge_SolutionTests.m; sourceTree = "<group>"; };
/* End PBXFileReference section */

/* Begin PBXFrameworksBuildPhase section */
		CEF315DE1A3105D8003719CE /* Frameworks */ = {
			isa = PBXFrameworksBuildPhase;
			buildActionMask = 2147483647;
			files = (
			);
			runOnlyForDeploymentPostprocessing = 0;
		};
		CEF315F71A3105D8003719CE /* Frameworks */ = {
			isa = PBXFrameworksBuildPhase;
			buildActionMask = 2147483647;
			files = (
			);
			runOnlyForDeploymentPostprocessing = 0;
		};
/* End PBXFrameworksBuildPhase section */

/* Begin PBXGroup section */
		CEF315D81A3105D8003719CE = {
			isa = PBXGroup;
			children = (
				CEF315E31A3105D8003719CE /* UITableViewController Challenge Solution */,
				CEF315FD1A3105D8003719CE /* UITableViewController Challenge SolutionTests */,
				CEF315E21A3105D8003719CE /* Products */,
			);
			sourceTree = "<group>";
		};
		CEF315E21A3105D8003719CE /* Products */ = {
			isa = PBXGroup;
			children = (
				CEF315E11A3105D8003719CE /* UITableViewController Challenge Solution.app */,
				CEF315FA1A3105D8003719CE /* UITableViewController Challenge SolutionTests.xctest */,
			);
			name = Products;
			sourceTree = "<group>";
		};
		CEF315E31A3105D8003719CE /* UITableViewController Challenge Solution */ = {
			isa = PBXGroup;
			children = (
				CEF315E81A3105D8003719CE /* AppDelegate.h */,
				CEF315E91A3105D8003719CE /* AppDelegate.m */,
				CEF315EB1A3105D8003719CE /* ViewController.h */,
				CEF315EC1A3105D8003719CE /* ViewController.m */,
				CEF315EE1A3105D8003719CE /* Main.storyboard */,
				CEF315F11A3105D8003719CE /* Images.xcassets */,
				CEF315F31A3105D8003719CE /* LaunchScreen.xib */,
				CEF315E41A3105D8003719CE /* Supporting Files */,
			);
			path = "UITableViewController Challenge Solution";
			sourceTree = "<group>";
		};
		CEF315E41A3105D8003719CE /* Supporting Files */ = {
			isa = PBXGroup;
			children = (
				CEF315E51A3105D8003719CE /* Info.plist */,
				CEF315E61A3105D8003719CE /* main.m */,
			);
			name = "Supporting Files";
			sourceTree = "<group>";
		};
		CEF315FD1A3105D8003719CE /* UITableViewController Challenge SolutionTests */ = {
			isa = PBXGroup;
			children = (
				CEF316001A3105D8003719CE /* UITableViewController_Challenge_SolutionTests.m */,
				CEF315FE1A3105D8003719CE /* Supporting Files */,
			);
			path = "UITableViewController Challenge SolutionTests";
			sourceTree = "<group>";
		};
		CEF315FE1A3105D8003719CE /* Supporting Files */ = {
			isa = PBXGroup;
			children = (
				CEF315FF1A3105D8003719CE /* Info.plist */,
			);
			name = "Supporting Files";
			sourceTree = "<group>";
		};
/* End PBXGroup section */

/* Begin PBXNativeTarget section */
		CEF315E01A3105D8003719CE /* UITableViewController Challenge Solution */ = {
			isa = PBXNativeTarget;
			buildConfigurationList = CEF316041A3105D8003719CE /* Build configuration list for PBXNativeTarget "UITableViewController Challenge Solution" */;
			buildPhases = (
				CEF315DD1A3105D8003719CE /* Sources */,
				CEF315DE1A3105D8003719CE /* Frameworks */,
				CEF315DF1A3105D8003719CE /* Resources */,
			);
			buildRules = (
			);
			dependencies = (
			);
			name = "UITableViewController Challenge Solution";
			productName = "UITableViewController Challenge Solution";
			productReference = CEF315E11A3105D8003719CE /* UITableViewController Challenge Solution.app */;
			productType = "com.apple.product-type.application";
		};
		CEF315F91A3105D8003719CE /* UITableViewController Challenge SolutionTests */ = {
			isa = PBXNativeTarget;
			buildConfigurationList = CEF316071A3105D8003719CE /* Build configuration list for PBXNativeTarget "UITableViewController Challenge SolutionTests" */;
			buildPhases = (
				CEF315F61A3105D8003719CE /* Sources */,
				CEF315F71A3105D8003719CE /* Frameworks */,
				CEF315F81A3105D8003719CE /* Resources */,
			);
			buildRules = (
			);
			dependencies = (
				CEF315FC1A3105D8003719CE /* PBXTargetDependency */,
			);
			name = "UITableViewController Challenge SolutionTests";
			productName = "UITableViewController Challenge SolutionTests";
			productReference = CEF315FA1A3105D8003719CE /* UITableViewController Challenge SolutionTests.xctest */;
			productType = "com.apple.product-type.bundle.unit-test";
		};
/* End PBXNativeTarget section */

/* Begin PBXProject section */
		CEF315D91A3105D8003719CE /* Project object */ = {
			isa = PBXProject;
			attributes = {
				LastUpgradeCheck = 0610;
				TargetAttributes = {
					CEF315E01A3105D8003719CE = {
						CreatedOnToolsVersion = 6.1;
					};
					CEF315F91A3105D8003719CE = {
						CreatedOnToolsVersion = 6.1;
						TestTargetID = CEF315E01A3105D8003719CE;
					};
				};
			};
			buildConfigurationList = CEF315DC1A3105D8003719CE /* Build configuration list for PBXProject "UITableViewController Challenge Solution" */;
			compatibilityVersion = "Xcode 3.2";
			developmentRegion = English;
			hasScannedForEncodings = 0;
			knownRegions = (
				en,
				Base,
			);
			mainGroup = CEF315D81A3105D8003719CE;
			productRefGroup = CEF315E21A3105D8003719CE /* Products */;
			projectDirPath = "";
			projectRoot = "";
			targets = (
				CEF315E01A3105D8003719CE /* UITableViewController Challenge Solution */,
				CEF315F91A3105D8003719CE /* UITableViewController Challenge SolutionTests */,
			);
		};
/* End PBXProject section */

/* Begin PBXResourcesBuildPhase section */
		CEF315DF1A3105D8003719CE /* Resources */ = {
			isa = PBXResourcesBuildPhase;
			buildActionMask = 2147483647;
			files = (
				CEF315F01A3105D8003719CE /* Main.storyboard in Resources */,
				CEF315F51A3105D8003719CE /* LaunchScreen.xib in Resources */,
				CEF315F21A3105D8003719CE /* Images.xcassets in Resources */,
			);
			runOnlyForDeploymentPostprocessing = 0;
		};
		CEF315F81A3105D8003719CE /* Resources */ = {
			isa = PBXResourcesBuildPhase;
			buildActionMask = 2147483647;
			files = (
			);
			runOnlyForDeploymentPostprocessing = 0;
		};
/* End PBXResourcesBuildPhase section */

/* Begin PBXSourcesBuildPhase section */
		CEF315DD1A3105D8003719CE /* Sources */ = {
			isa = PBXSourcesBuildPhase;
			buildActionMask = 2147483647;
			files = (
				CEF315ED1A3105D8003719CE /* ViewController.m in Sources */,
				CEF315EA1A3105D8003719CE /* AppDelegate.m in Sources */,
				CEF315E71A3105D8003719CE /* main.m in Sources */,
			);
			runOnlyForDeploymentPostprocessing = 0;
		};
		CEF315F61A3105D8003719CE /* Sources */ = {
			isa = PBXSourcesBuildPhase;
			buildActionMask = 2147483647;
			files = (
				CEF316011A3105D8003719CE /* UITableViewController_Challenge_SolutionTests.m in Sources */,
			);
			runOnlyForDeploymentPostprocessing = 0;
		};
/* End PBXSourcesBuildPhase section */

/* Begin PBXTargetDependency section */
		CEF315FC1A3105D8003719CE /* PBXTargetDependency */ = {
			isa = PBXTargetDependency;
			target = CEF315E01A3105D8003719CE /* UITableViewController Challenge Solution */;
			targetProxy = CEF315FB1A3105D8003719CE /* PBXContainerItemProxy */;
		};
/* End PBXTargetDependency section */

/* Begin PBXVariantGroup section */
		CEF315EE1A3105D8003719CE /* Main.storyboard */ = {
			isa = PBXVariantGroup;
			children = (
				CEF315EF1A3105D8003719CE /* Base */,
			);
			name = Main.storyboard;
			sourceTree = "<group>";
		};
		CEF315F31A3105D8003719CE /* LaunchScreen.xib */ = {
			isa = PBXVariantGroup;
			children = (
				CEF315F41A3105D8003719CE /* Base */,
			);
			name = LaunchScreen.xib;
			sourceTree = "<group>";
		};
/* End PBXVariantGroup section */

/* Begin XCBuildConfiguration section */
		CEF316021A3105D8003719CE /* Debug */ = {
			isa = XCBuildConfiguration;
			buildSettings = {
				ALWAYS_SEARCH_USER_PATHS = NO;
				CLANG_CXX_LANGUAGE_STANDARD = "gnu++0x";
				CLANG_CXX_LIBRARY = "libc++";
				CLANG_ENABLE_MODULES = YES;
				CLANG_ENABLE_OBJC_ARC = YES;
				CLANG_WARN_BOOL_CONVERSION = YES;
				CLANG_WARN_CONSTANT_CONVERSION = YES;
				CLANG_WARN_DIRECT_OBJC_ISA_USAGE = YES_ERROR;
				CLANG_WARN_EMPTY_BODY = YES;
				CLANG_WARN_ENUM_CONVERSION = YES;
				CLANG_WARN_INT_CONVERSION = YES;
				CLANG_WARN_OBJC_ROOT_CLASS = YES_ERROR;
				CLANG_WARN_UNREACHABLE_CODE = YES;
				CLANG_WARN__DUPLICATE_METHOD_MATCH = YES;
				"CODE_SIGN_IDENTITY[sdk=iphoneos*]" = "iPhone Developer";
				COPY_PHASE_STRIP = NO;
				ENABLE_STRICT_OBJC_MSGSEND = YES;
				GCC_C_LANGUAGE_STANDARD = gnu99;
				GCC_DYNAMIC_NO_PIC = NO;
				GCC_OPTIMIZATION_LEVEL = 0;
				GCC_PREPROCESSOR_DEFINITIONS = (
					"DEBUG=1",
					"$(inherited)",
				);
				GCC_SYMBOLS_PRIVATE_EXTERN = NO;
				GCC_WARN_64_TO_32_BIT_CONVERSION = YES;
				GCC_WARN_ABOUT_RETURN_TYPE = YES_ERROR;
				GCC_WARN_UNDECLARED_SELECTOR = YES;
				GCC_WARN_UNINITIALIZED_AUTOS = YES_AGGRESSIVE;
				GCC_WARN_UNUSED_FUNCTION = YES;
				GCC_WARN_UNUSED_VARIABLE = YES;
				IPHONEOS_DEPLOYMENT_TARGET = 8.1;
				MTL_ENABLE_DEBUG_INFO = YES;
				ONLY_ACTIVE_ARCH = YES;
				SDKROOT = iphoneos;
			};
			name = Debug;
		};
		CEF316031A3105D8003719CE /* Release */ = {
			isa = XCBuildConfiguration;
			buildSettings = {
				ALWAYS_SEARCH_USER_PATHS = NO;
				CLANG_CXX_LANGUAGE_STANDARD = "gnu++0x";
				CLANG_CXX_LIBRARY = "libc++";
				CLANG_ENABLE_MODULES = YES;
				CLANG_ENABLE_OBJC_ARC = YES;
				CLANG_WARN_BOOL_CONVERSION = YES;
				CLANG_WARN_CONSTANT_CONVERSION = YES;
				CLANG_WARN_DIRECT_OBJC_ISA_USAGE = YES_ERROR;
				CLANG_WARN_EMPTY_BODY = YES;
				CLANG_WARN_ENUM_CONVERSION = YES;
				CLANG_WARN_INT_CONVERSION = YES;
				CLANG_WARN_OBJC_ROOT_CLASS = YES_ERROR;
				CLANG_WARN_UNREACHABLE_CODE = YES;
				CLANG_WARN__DUPLICATE_METHOD_MATCH = YES;
				"CODE_SIGN_IDENTITY[sdk=iphoneos*]" = "iPhone Developer";
				COPY_PHASE_STRIP = YES;
				ENABLE_NS_ASSERTIONS = NO;
				ENABLE_STRICT_OBJC_MSGSEND = YES;
				GCC_C_LANGUAGE_STANDARD = gnu99;
				GCC_WARN_64_TO_32_BIT_CONVERSION = YES;
				GCC_WARN_ABOUT_RETURN_TYPE = YES_ERROR;
				GCC_WARN_UNDECLARED_SELECTOR = YES;
				GCC_WARN_UNINITIALIZED_AUTOS = YES_AGGRESSIVE;
				GCC_WARN_UNUSED_FUNCTION = YES;
				GCC_WARN_UNUSED_VARIABLE = YES;
				IPHONEOS_DEPLOYMENT_TARGET = 8.1;
				MTL_ENABLE_DEBUG_INFO = NO;
				SDKROOT = iphoneos;
				VALIDATE_PRODUCT = YES;
			};
			name = Release;
		};
		CEF316051A3105D8003719CE /* Debug */ = {
			isa = XCBuildConfiguration;
			buildSettings = {
				ASSETCATALOG_COMPILER_APPICON_NAME = AppIcon;
				INFOPLIST_FILE = "UITableViewController Challenge Solution/Info.plist";
				LD_RUNPATH_SEARCH_PATHS = "$(inherited) @executable_path/Frameworks";
				PRODUCT_NAME = "$(TARGET_NAME)";
			};
			name = Debug;
		};
		CEF316061A3105D8003719CE /* Release */ = {
			isa = XCBuildConfiguration;
			buildSettings = {
				ASSETCATALOG_COMPILER_APPICON_NAME = AppIcon;
				INFOPLIST_FILE = "UITableViewController Challenge Solution/Info.plist";
				LD_RUNPATH_SEARCH_PATHS = "$(inherited) @executable_path/Frameworks";
				PRODUCT_NAME = "$(TARGET_NAME)";
			};
			name = Release;
		};
		CEF316081A3105D8003719CE /* Debug */ = {
			isa = XCBuildConfiguration;
			buildSettings = {
				BUNDLE_LOADER = "$(TEST_HOST)";
				FRAMEWORK_SEARCH_PATHS = (
					"$(SDKROOT)/Developer/Library/Frameworks",
					"$(inherited)",
				);
				GCC_PREPROCESSOR_DEFINITIONS = (
					"DEBUG=1",
					"$(inherited)",
				);
				INFOPLIST_FILE = "UITableViewController Challenge SolutionTests/Info.plist";
				LD_RUNPATH_SEARCH_PATHS = "$(inherited) @executable_path/Frameworks @loader_path/Frameworks";
				PRODUCT_NAME = "$(TARGET_NAME)";
				TEST_HOST = "$(BUILT_PRODUCTS_DIR)/UITableViewController Challenge Solution.app/UITableViewController Challenge Solution";
			};
			name = Debug;
		};
		CEF316091A3105D8003719CE /* Release */ = {
			isa = XCBuildConfiguration;
			buildSettings = {
				BUNDLE_LOADER = "$(TEST_HOST)";
				FRAMEWORK_SEARCH_PATHS = (
					"$(SDKROOT)/Developer/Library/Frameworks",
					"$(inherited)",
				);
				INFOPLIST_FILE = "UITableViewController Challenge SolutionTests/Info.plist";
				LD_RUNPATH_SEARCH_PATHS = "$(inherited) @executable_path/Frameworks @loader_path/Frameworks";
				PRODUCT_NAME = "$(TARGET_NAME)";
				TEST_HOST = "$(BUILT_PRODUCTS_DIR)/UITableViewController Challenge Solution.app/UITableViewController Challenge Solution";
			};
			name = Release;
		};
/* End XCBuildConfiguration section */

/* Begin XCConfigurationList section */
		CEF315DC1A3105D8003719CE /* Build configuration list for PBXProject "UITableViewController Challenge Solution" */ = {
			isa = XCConfigurationList;
			buildConfigurations = (
				CEF316021A3105D8003719CE /* Debug */,
				CEF316031A3105D8003719CE /* Release */,
			);
			defaultConfigurationIsVisible = 0;
			defaultConfigurationName = Release;
		};
		CEF316041A3105D8003719CE /* Build configuration list for PBXNativeTarget "UITableViewController Challenge Solution" */ = {
			isa = XCConfigurationList;
			buildConfigurations = (
				CEF316051A3105D8003719CE /* Debug */,
				CEF316061A3105D8003719CE /* Release */,
			);
			defaultConfigurationIsVisible = 0;
		};
		CEF316071A3105D8003719CE /* Build configuration list for PBXNativeTarget "UITableViewController Challenge SolutionTests" */ = {
			isa = XCConfigurationList;
			buildConfigurations = (
				CEF316081A3105D8003719CE /* Debug */,
				CEF316091A3105D8003719CE /* Release */,
			);
			defaultConfigurationIsVisible = 0;
		};
/* End XCConfigurationList section */
	};
	rootObject = CEF315D91A3105D8003719CE /* Project object */;
}
